
Microsoft Visual Studio Solution File, Format Version 12.00
Project("{FAE04EC0-301F-11D3-BF4B-00C04F79EFBC}") = "UnitTesting", "UnitTesting\UnitTesting.csproj", "{A16A570E-3F9F-4A16-AE2A-936CC3F408A0}"
EndProject
Project("{FAE04EC0-301F-11D3-BF4B-00C04F79EFBC}") = "UnitTesting.Test", "UnitTesting.Test\UnitTesting.Test.csproj", "{37ED260D-4EA0-443F-BCB8-5FDE33229BC0}"
EndProject
Global
	GlobalSection(SolutionConfigurationPlatforms) = preSolution
		Debug|Any CPU = Debug|Any CPU
		Release|Any CPU = Release|Any CPU
	EndGlobalSection
	GlobalSection(ProjectConfigurationPlatforms) = postSolution
		{A16A570E-3F9F-4A16-AE2A-936CC3F408A0}.Debug|Any CPU.ActiveCfg = Debug|Any CPU
		{A16A570E-3F9F-4A16-AE2A-936CC3F408A0}.Debug|Any CPU.Build.0 = Debug|Any CPU
		{A16A570E-3F9F-4A16-AE2A-936CC3F408A0}.Release|Any CPU.ActiveCfg = Release|Any CPU
		{A16A570E-3F9F-4A16-AE2A-936CC3F408A0}.Release|Any CPU.Build.0 = Release|Any CPU
		{37ED260D-4EA0-443F-BCB8-5FDE33229BC0}.Debug|Any CPU.ActiveCfg = Debug|Any CPU
		{37ED260D-4EA0-443F-BCB8-5FDE33229BC0}.Debug|Any CPU.Build.0 = Debug|Any CPU
		{37ED260D-4EA0-443F-BCB8-5FDE33229BC0}.Release|Any CPU.ActiveCfg = Release|Any CPU
		{37ED260D-4EA0-443F-BCB8-5FDE33229BC0}.Release|Any CPU.Build.0 = Release|Any CPU
	EndGlobalSection
EndGlobal
